
Microsoft Visual Studio Solution File, Format Version 12.00
# Visual Studio Version 17
VisualStudioVersion = 17.6.33815.320
MinimumVisualStudioVersion = 10.0.40219.1
Project("{FAE04EC0-301F-11D3-BF4B-00C04F79EFBC}") = "Chop", "Chop.csproj", "{FF2A34B6-8E9C-4EFB-BC14-608B0EA1329E}"
EndProject
Global
	GlobalSection(SolutionConfigurationPlatforms) = preSolution
		Debug|Any CPU = Debug|Any CPU
		Release|Any CPU = Release|Any CPU
	EndGlobalSection
	GlobalSection(ProjectConfigurationPlatforms) = postSolution
		{FF2A34B6-8E9C-4EFB-BC14-608B0EA1329E}.Debug|Any CPU.ActiveCfg = Debug|Any CPU
		{FF2A34B6-8E9C-4EFB-BC14-608B0EA1329E}.Debug|Any CPU.Build.0 = Debug|Any CPU
		{FF2A34B6-8E9C-4EFB-BC14-608B0EA1329E}.Release|Any CPU.ActiveCfg = Release|Any CPU
		{FF2A34B6-8E9C-4EFB-BC14-608B0EA1329E}.Release|Any CPU.Build.0 = Release|Any CPU
	EndGlobalSection
	GlobalSection(SolutionProperties) = preSolution
		HideSolutionNode = FALSE
	EndGlobalSection
	GlobalSection(ExtensibilityGlobals) = postSolution
		SolutionGuid = {37E2242B-8D37-4238-A511-1371DB31793D}
	EndGlobalSection
EndGlobal
